
Microsoft Visual Studio Solution File, Format Version 12.00
# Visual Studio Version 17
VisualStudioVersion = 17.9.34723.18
MinimumVisualStudioVersion = 10.0.40219.1
Project("{FAE04EC0-301F-11D3-BF4B-00C04F79EFBC}") = "GUI", "GUI\GUI.csproj", "{BE5BBBAF-B081-41B6-BA6F-11D43722E6AF}"
EndProject
Project("{FAE04EC0-301F-11D3-BF4B-00C04F79EFBC}") = "BLL", "BLL\BLL.csproj", "{1C29E167-07C3-46E5-AA2E-EC500C9CE51A}"
EndProject
Project("{FAE04EC0-301F-11D3-BF4B-00C04F79EFBC}") = "DAL", "DAL\DAL.csproj", "{9338E039-CDA4-43CE-B6A1-20A70FCB78F4}"
EndProject
Project("{FAE04EC0-301F-11D3-BF4B-00C04F79EFBC}") = "ENTITY", "ENTITY\ENTITY.csproj", "{DB89E688-BD62-4EBF-83EF-C32297E18A2F}"
EndProject
Global
	GlobalSection(SolutionConfigurationPlatforms) = preSolution
		Debug|Any CPU = Debug|Any CPU
		Release|Any CPU = Release|Any CPU
	EndGlobalSection
	GlobalSection(ProjectConfigurationPlatforms) = postSolution
		{BE5BBBAF-B081-41B6-BA6F-11D43722E6AF}.Debug|Any CPU.ActiveCfg = Debug|Any CPU
		{BE5BBBAF-B081-41B6-BA6F-11D43722E6AF}.Debug|Any CPU.Build.0 = Debug|Any CPU
		{BE5BBBAF-B081-41B6-BA6F-11D43722E6AF}.Release|Any CPU.ActiveCfg = Release|Any CPU
		{BE5BBBAF-B081-41B6-BA6F-11D43722E6AF}.Release|Any CPU.Build.0 = Release|Any CPU
		{1C29E167-07C3-46E5-AA2E-EC500C9CE51A}.Debug|Any CPU.ActiveCfg = Debug|Any CPU
		{1C29E167-07C3-46E5-AA2E-EC500C9CE51A}.Debug|Any CPU.Build.0 = Debug|Any CPU
		{1C29E167-07C3-46E5-AA2E-EC500C9CE51A}.Release|Any CPU.ActiveCfg = Release|Any CPU
		{1C29E167-07C3-46E5-AA2E-EC500C9CE51A}.Release|Any CPU.Build.0 = Release|Any CPU
		{9338E039-CDA4-43CE-B6A1-20A70FCB78F4}.Debug|Any CPU.ActiveCfg = Debug|Any CPU
		{9338E039-CDA4-43CE-B6A1-20A70FCB78F4}.Debug|Any CPU.Build.0 = Debug|Any CPU
		{9338E039-CDA4-43CE-B6A1-20A70FCB78F4}.Release|Any CPU.ActiveCfg = Release|Any CPU
		{9338E039-CDA4-43CE-B6A1-20A70FCB78F4}.Release|Any CPU.Build.0 = Release|Any CPU
		{DB89E688-BD62-4EBF-83EF-C32297E18A2F}.Debug|Any CPU.ActiveCfg = Debug|Any CPU
		{DB89E688-BD62-4EBF-83EF-C32297E18A2F}.Debug|Any CPU.Build.0 = Debug|Any CPU
		{DB89E688-BD62-4EBF-83EF-C32297E18A2F}.Release|Any CPU.ActiveCfg = Release|Any CPU
		{DB89E688-BD62-4EBF-83EF-C32297E18A2F}.Release|Any CPU.Build.0 = Release|Any CPU
	EndGlobalSection
	GlobalSection(SolutionProperties) = preSolution
		HideSolutionNode = FALSE
	EndGlobalSection
	GlobalSection(ExtensibilityGlobals) = postSolution
		SolutionGuid = {BACF412C-D3BC-4E7A-B2C9-877CCAF19A14}
	EndGlobalSection
EndGlobal
